
Microsoft Visual Studio Solution File, Format Version 12.00
# Visual Studio Version 16
VisualStudioVersion = 16.0.31829.152
MinimumVisualStudioVersion = 10.0.40219.1
Project("{9A19103F-16F7-4668-BE54-9A1E7A4F7556}") = "Parser", "Parser\Parser.csproj", "{2558ACAE-E079-4FDF-96E4-583639BD3E98}"
EndProject
Project("{FAE04EC0-301F-11D3-BF4B-00C04F79EFBC}") = "testParsing", "testParsing\testParsing.csproj", "{7604CC9D-4E02-496E-ACF4-8458CA447BB4}"
EndProject
Global
	GlobalSection(SolutionConfigurationPlatforms) = preSolution
		Debug|Any CPU = Debug|Any CPU
		Release|Any CPU = Release|Any CPU
	EndGlobalSection
	GlobalSection(ProjectConfigurationPlatforms) = postSolution
		{2558ACAE-E079-4FDF-96E4-583639BD3E98}.Debug|Any CPU.ActiveCfg = Debug|Any CPU
		{2558ACAE-E079-4FDF-96E4-583639BD3E98}.Debug|Any CPU.Build.0 = Debug|Any CPU
		{2558ACAE-E079-4FDF-96E4-583639BD3E98}.Release|Any CPU.ActiveCfg = Release|Any CPU
		{2558ACAE-E079-4FDF-96E4-583639BD3E98}.Release|Any CPU.Build.0 = Release|Any CPU
		{7604CC9D-4E02-496E-ACF4-8458CA447BB4}.Debug|Any CPU.ActiveCfg = Debug|Any CPU
		{7604CC9D-4E02-496E-ACF4-8458CA447BB4}.Debug|Any CPU.Build.0 = Debug|Any CPU
		{7604CC9D-4E02-496E-ACF4-8458CA447BB4}.Release|Any CPU.ActiveCfg = Release|Any CPU
		{7604CC9D-4E02-496E-ACF4-8458CA447BB4}.Release|Any CPU.Build.0 = Release|Any CPU
	EndGlobalSection
	GlobalSection(SolutionProperties) = preSolution
		HideSolutionNode = FALSE
	EndGlobalSection
	GlobalSection(ExtensibilityGlobals) = postSolution
		SolutionGuid = {10A558D4-EC3A-4DB4-A7A1-80E4E6740708}
	EndGlobalSection
EndGlobal
